
Microsoft Visual Studio Solution File, Format Version 12.00
# Visual Studio Version 17
VisualStudioVersion = 17.1.32421.90
MinimumVisualStudioVersion = 10.0.40219.1
Project("{FAE04EC0-301F-11D3-BF4B-00C04F79EFBC}") = "Desafio02", "Desafio02\Desafio02.csproj", "{436A208B-C3C2-4AED-AE1C-097B35E2381C}"
EndProject
Global
	GlobalSection(SolutionConfigurationPlatforms) = preSolution
		Debug|Any CPU = Debug|Any CPU
		Release|Any CPU = Release|Any CPU
	EndGlobalSection
	GlobalSection(ProjectConfigurationPlatforms) = postSolution
		{436A208B-C3C2-4AED-AE1C-097B35E2381C}.Debug|Any CPU.ActiveCfg = Debug|Any CPU
		{436A208B-C3C2-4AED-AE1C-097B35E2381C}.Debug|Any CPU.Build.0 = Debug|Any CPU
		{436A208B-C3C2-4AED-AE1C-097B35E2381C}.Release|Any CPU.ActiveCfg = Release|Any CPU
		{436A208B-C3C2-4AED-AE1C-097B35E2381C}.Release|Any CPU.Build.0 = Release|Any CPU
	EndGlobalSection
	GlobalSection(SolutionProperties) = preSolution
		HideSolutionNode = FALSE
	EndGlobalSection
	GlobalSection(ExtensibilityGlobals) = postSolution
		SolutionGuid = {36C4D0B2-5B6E-4384-A503-C7E06175839A}
	EndGlobalSection
EndGlobal
