
Microsoft Visual Studio Solution File, Format Version 12.00
# Visual Studio Version 17
VisualStudioVersion = 17.1.32421.90
MinimumVisualStudioVersion = 10.0.40219.1
Project("{FAE04EC0-301F-11D3-BF4B-00C04F79EFBC}") = "Desafio01", "Desafio01\Desafio01.csproj", "{CA7584FA-2CF2-4CB4-83F1-6F6CD0E0A24F}"
EndProject
Global
	GlobalSection(SolutionConfigurationPlatforms) = preSolution
		Debug|Any CPU = Debug|Any CPU
		Release|Any CPU = Release|Any CPU
	EndGlobalSection
	GlobalSection(ProjectConfigurationPlatforms) = postSolution
		{CA7584FA-2CF2-4CB4-83F1-6F6CD0E0A24F}.Debug|Any CPU.ActiveCfg = Debug|Any CPU
		{CA7584FA-2CF2-4CB4-83F1-6F6CD0E0A24F}.Debug|Any CPU.Build.0 = Debug|Any CPU
		{CA7584FA-2CF2-4CB4-83F1-6F6CD0E0A24F}.Release|Any CPU.ActiveCfg = Release|Any CPU
		{CA7584FA-2CF2-4CB4-83F1-6F6CD0E0A24F}.Release|Any CPU.Build.0 = Release|Any CPU
	EndGlobalSection
	GlobalSection(SolutionProperties) = preSolution
		HideSolutionNode = FALSE
	EndGlobalSection
	GlobalSection(ExtensibilityGlobals) = postSolution
		SolutionGuid = {00839A65-E381-455B-BDBA-543B1043D8D9}
	EndGlobalSection
EndGlobal
